
Microsoft Visual Studio Solution File, Format Version 12.00
# Visual Studio Version 17
VisualStudioVersion = 17.3.32929.385
MinimumVisualStudioVersion = 10.0.40219.1
Project("{9A19103F-16F7-4668-BE54-9A1E7A4F7556}") = "Pong", "Pong\Pong.csproj", "{63508E0D-09E1-4AB8-AFAF-B069A73AF01F}"
EndProject
Project("{FAE04EC0-301F-11D3-BF4B-00C04F79EFBC}") = "FlappyBird", "FlappyBird\FlappyBird.csproj", "{909BC016-A9CA-4914-994D-FC2D32BC9DD9}"
EndProject
Global
	GlobalSection(SolutionConfigurationPlatforms) = preSolution
		Debug|Any CPU = Debug|Any CPU
		Release|Any CPU = Release|Any CPU
	EndGlobalSection
	GlobalSection(ProjectConfigurationPlatforms) = postSolution
		{63508E0D-09E1-4AB8-AFAF-B069A73AF01F}.Debug|Any CPU.ActiveCfg = Debug|Any CPU
		{63508E0D-09E1-4AB8-AFAF-B069A73AF01F}.Debug|Any CPU.Build.0 = Debug|Any CPU
		{63508E0D-09E1-4AB8-AFAF-B069A73AF01F}.Release|Any CPU.ActiveCfg = Release|Any CPU
		{63508E0D-09E1-4AB8-AFAF-B069A73AF01F}.Release|Any CPU.Build.0 = Release|Any CPU
		{909BC016-A9CA-4914-994D-FC2D32BC9DD9}.Debug|Any CPU.ActiveCfg = Debug|Any CPU
		{909BC016-A9CA-4914-994D-FC2D32BC9DD9}.Debug|Any CPU.Build.0 = Debug|Any CPU
		{909BC016-A9CA-4914-994D-FC2D32BC9DD9}.Release|Any CPU.ActiveCfg = Release|Any CPU
		{909BC016-A9CA-4914-994D-FC2D32BC9DD9}.Release|Any CPU.Build.0 = Release|Any CPU
	EndGlobalSection
	GlobalSection(SolutionProperties) = preSolution
		HideSolutionNode = FALSE
	EndGlobalSection
	GlobalSection(ExtensibilityGlobals) = postSolution
		SolutionGuid = {720F8A31-95A0-4953-BCE4-7C510102D186}
	EndGlobalSection
EndGlobal
